
Microsoft Visual Studio Solution File, Format Version 12.00
# Visual Studio Version 17
VisualStudioVersion = 17.5.33516.290
MinimumVisualStudioVersion = 10.0.40219.1
Project("{FAE04EC0-301F-11D3-BF4B-00C04F79EFBC}") = "practiceset", "practiceset\practiceset.csproj", "{AF3D606B-A209-46AD-A013-0D0ABB1B23FF}"
EndProject
Global
	GlobalSection(SolutionConfigurationPlatforms) = preSolution
		Debug|Any CPU = Debug|Any CPU
		Release|Any CPU = Release|Any CPU
	EndGlobalSection
	GlobalSection(ProjectConfigurationPlatforms) = postSolution
		{AF3D606B-A209-46AD-A013-0D0ABB1B23FF}.Debug|Any CPU.ActiveCfg = Debug|Any CPU
		{AF3D606B-A209-46AD-A013-0D0ABB1B23FF}.Debug|Any CPU.Build.0 = Debug|Any CPU
		{AF3D606B-A209-46AD-A013-0D0ABB1B23FF}.Release|Any CPU.ActiveCfg = Release|Any CPU
		{AF3D606B-A209-46AD-A013-0D0ABB1B23FF}.Release|Any CPU.Build.0 = Release|Any CPU
	EndGlobalSection
	GlobalSection(SolutionProperties) = preSolution
		HideSolutionNode = FALSE
	EndGlobalSection
	GlobalSection(ExtensibilityGlobals) = postSolution
		SolutionGuid = {F3968BA1-72C1-4E76-8F89-A61D7E2CF4F6}
	EndGlobalSection
EndGlobal
